// !$*UTF8*$!
{
	archiveVersion = 1;
	classes = {
	};
	objectVersion = 46;
	objects = {

/* Begin PBXBuildFile section */
		62459E841A3BBF8700C799BB /* AppDelegate.swift in Sources */ = {isa = PBXBuildFile; fileRef = 62459E831A3BBF8700C799BB /* AppDelegate.swift */; };
		62459E861A3BBF8700C799BB /* RecordSoundsViewController.swift in Sources */ = {isa = PBXBuildFile; fileRef = 62459E851A3BBF8700C799BB /* RecordSoundsViewController.swift */; };
		62459E8B1A3BBF8700C799BB /* Images.xcassets in Resources */ = {isa = PBXBuildFile; fileRef = 62459E8A1A3BBF8700C799BB /* Images.xcassets */; };
		62DBAAAF1A3FA432006BAF9D /* PlaySoundsViewController.swift in Sources */ = {isa = PBXBuildFile; fileRef = 62DBAAAE1A3FA432006BAF9D /* PlaySoundsViewController.swift */; };
		62DBAAB11A3FA9DF006BAF9D /* movie_quote.mp3 in Resources */ = {isa = PBXBuildFile; fileRef = 62DBAAB01A3FA9DF006BAF9D /* movie_quote.mp3 */; };
		62DBAAB31A3FCE4B006BAF9D /* RecordedAudio.swift in Sources */ = {isa = PBXBuildFile; fileRef = 62DBAAB21A3FCE4B006BAF9D /* RecordedAudio.swift */; };
		62EFA97D1AA64B75009ECD69 /* AudioPlayerTests.swift in Sources */ = {isa = PBXBuildFile; fileRef = 62EFA97C1AA64B75009ECD69 /* AudioPlayerTests.swift */; };
		62EFA9B01AA673A3009ECD69 /* Default-568h@2x.png in Resources */ = {isa = PBXBuildFile; fileRef = 62EFA9AF1AA673A3009ECD69 /* Default-568h@2x.png */; };
/* End PBXBuildFile section */

/* Begin PBXContainerItemProxy section */
		62459E941A3BBF8700C799BB /* PBXContainerItemProxy */ = {
			isa = PBXContainerItemProxy;
			containerPortal = 62459E761A3BBF8700C799BB /* Project object */;
			proxyType = 1;
			remoteGlobalIDString = 62459E7D1A3BBF8700C799BB;
			remoteInfo = AudioPlayer;
		};
/* End PBXContainerItemProxy section */

/* Begin PBXFileReference section */
		62459E7E1A3BBF8700C799BB /* AudioPlayer.app */ = {isa = PBXFileReference; explicitFileType = wrapper.application; includeInIndex = 0; path = AudioPlayer.app; sourceTree = BUILT_PRODUCTS_DIR; };
		62459E821A3BBF8700C799BB /* Info.plist */ = {isa = PBXFileReference; lastKnownFileType = text.plist; name = Info.plist; path = ../AudioPlayer/Info.plist; sourceTree = "<group>"; };
		62459E831A3BBF8700C799BB /* AppDelegate.swift */ = {isa = PBXFileReference; lastKnownFileType = sourcecode.swift; path = AppDelegate.swift; sourceTree = "<group>"; };
		62459E851A3BBF8700C799BB /* RecordSoundsViewController.swift */ = {isa = PBXFileReference; lastKnownFileType = sourcecode.swift; path = RecordSoundsViewController.swift; sourceTree = "<group>"; };
		62459E881A3BBF8700C799BB /* Base */ = {isa = PBXFileReference; lastKnownFileType = file.storyboard; name = Base; path = Base.lproj/Main.storyboard; sourceTree = "<group>"; };
		62459E8A1A3BBF8700C799BB /* Images.xcassets */ = {isa = PBXFileReference; lastKnownFileType = folder.assetcatalog; path = Images.xcassets; sourceTree = "<group>"; };
		62459E8D1A3BBF8700C799BB /* Base */ = {isa = PBXFileReference; lastKnownFileType = file.xib; name = Base; path = Base.lproj/LaunchScreen.xib; sourceTree = "<group>"; };
		62459E931A3BBF8700C799BB /* AudioPlayerTests.xctest */ = {isa = PBXFileReference; explicitFileType = wrapper.cfbundle; includeInIndex = 0; path = AudioPlayerTests.xctest; sourceTree = BUILT_PRODUCTS_DIR; };
		62459E981A3BBF8700C799BB /* Info.plist */ = {isa = PBXFileReference; lastKnownFileType = text.plist.xml; path = Info.plist; sourceTree = "<group>"; };
		62DBAAAE1A3FA432006BAF9D /* PlaySoundsViewController.swift */ = {isa = PBXFileReference; fileEncoding = 4; lastKnownFileType = sourcecode.swift; path = PlaySoundsViewController.swift; sourceTree = "<group>"; };
		62DBAAB01A3FA9DF006BAF9D /* movie_quote.mp3 */ = {isa = PBXFileReference; lastKnownFileType = audio.mp3; path = movie_quote.mp3; sourceTree = "<group>"; };
		62DBAAB21A3FCE4B006BAF9D /* RecordedAudio.swift */ = {isa = PBXFileReference; fileEncoding = 4; lastKnownFileType = sourcecode.swift; path = RecordedAudio.swift; sourceTree = "<group>"; };
		62EFA97C1AA64B75009ECD69 /* AudioPlayerTests.swift */ = {isa = PBXFileReference; fileEncoding = 4; lastKnownFileType = sourcecode.swift; name = AudioPlayerTests.swift; path = ../../../../../../Desktop/AudioPlayer/AudioPlayerTests/AudioPlayerTests.swift; sourceTree = "<group>"; };
		62EFA9AF1AA673A3009ECD69 /* Default-568h@2x.png */ = {isa = PBXFileReference; lastKnownFileType = image.png; path = "Default-568h@2x.png"; sourceTree = "<group>"; };
/* End PBXFileReference section */

/* Begin PBXFrameworksBuildPhase section */
		62459E7B1A3BBF8700C799BB /* Frameworks */ = {
			isa = PBXFrameworksBuildPhase;
			buildActionMask = 2147483647;
			files = (
			);
			runOnlyForDeploymentPostprocessing = 0;
		};
		62459E901A3BBF8700C799BB /* Frameworks */ = {
			isa = PBXFrameworksBuildPhase;
			buildActionMask = 2147483647;
			files = (
			);
			runOnlyForDeploymentPostprocessing = 0;
		};
/* End PBXFrameworksBuildPhase section */

/* Begin PBXGroup section */
		62459E751A3BBF8700C799BB = {
			isa = PBXGroup;
			children = (
				62EFA9AF1AA673A3009ECD69 /* Default-568h@2x.png */,
				62459E801A3BBF8700C799BB /* AudioPlayer */,
				62459E961A3BBF8700C799BB /* AudioPlayerTests */,
				62459E7F1A3BBF8700C799BB /* Products */,
			);
			sourceTree = "<group>";
		};
		62459E7F1A3BBF8700C799BB /* Products */ = {
			isa = PBXGroup;
			children = (
				62459E7E1A3BBF8700C799BB /* AudioPlayer.app */,
				62459E931A3BBF8700C799BB /* AudioPlayerTests.xctest */,
			);
			name = Products;
			sourceTree = "<group>";
		};
		62459E801A3BBF8700C799BB /* AudioPlayer */ = {
			isa = PBXGroup;
			children = (
				62459E831A3BBF8700C799BB /* AppDelegate.swift */,
				62459E851A3BBF8700C799BB /* RecordSoundsViewController.swift */,
				62DBAAB21A3FCE4B006BAF9D /* RecordedAudio.swift */,
				62459E871A3BBF8700C799BB /* Main.storyboard */,
				62DBAAAE1A3FA432006BAF9D /* PlaySoundsViewController.swift */,
				62459E8A1A3BBF8700C799BB /* Images.xcassets */,
				62459E8C1A3BBF8700C799BB /* LaunchScreen.xib */,
				62459E811A3BBF8700C799BB /* Supporting Files */,
			);
			path = AudioPlayer;
			sourceTree = "<group>";
		};
		62459E811A3BBF8700C799BB /* Supporting Files */ = {
			isa = PBXGroup;
			children = (
				62DBAAB01A3FA9DF006BAF9D /* movie_quote.mp3 */,
			);
			name = "Supporting Files";
			sourceTree = "<group>";
		};
		62459E961A3BBF8700C799BB /* AudioPlayerTests */ = {
			isa = PBXGroup;
			children = (
				62EFA97C1AA64B75009ECD69 /* AudioPlayerTests.swift */,
				62459E821A3BBF8700C799BB /* Info.plist */,
				62459E971A3BBF8700C799BB /* Supporting Files */,
			);
			path = AudioPlayerTests;
			sourceTree = "<group>";
		};
		62459E971A3BBF8700C799BB /* Supporting Files */ = {
			isa = PBXGroup;
			children = (
				62459E981A3BBF8700C799BB /* Info.plist */,
			);
			name = "Supporting Files";
			sourceTree = "<group>";
		};
/* End PBXGroup section */

/* Begin PBXNativeTarget section */
		62459E7D1A3BBF8700C799BB /* AudioPlayer */ = {
			isa = PBXNativeTarget;
			buildConfigurationList = 62459E9D1A3BBF8700C799BB /* Build configuration list for PBXNativeTarget "AudioPlayer" */;
			buildPhases = (
				62459E7A1A3BBF8700C799BB /* Sources */,
				62459E7B1A3BBF8700C799BB /* Frameworks */,
				62459E7C1A3BBF8700C799BB /* Resources */,
			);
			buildRules = (
			);
			dependencies = (
			);
			name = AudioPlayer;
			productName = AudioPlayer;
			productReference = 62459E7E1A3BBF8700C799BB /* AudioPlayer.app */;
			productType = "com.apple.product-type.application";
		};
		62459E921A3BBF8700C799BB /* AudioPlayerTests */ = {
			isa = PBXNativeTarget;
			buildConfigurationList = 62459EA01A3BBF8700C799BB /* Build configuration list for PBXNativeTarget "AudioPlayerTests" */;
			buildPhases = (
				62459E8F1A3BBF8700C799BB /* Sources */,
				62459E901A3BBF8700C799BB /* Frameworks */,
				62459E911A3BBF8700C799BB /* Resources */,
			);
			buildRules = (
			);
			dependencies = (
				62459E951A3BBF8700C799BB /* PBXTargetDependency */,
			);
			name = AudioPlayerTests;
			productName = AudioPlayerTests;
			productReference = 62459E931A3BBF8700C799BB /* AudioPlayerTests.xctest */;
			productType = "com.apple.product-type.bundle.unit-test";
		};
/* End PBXNativeTarget section */

/* Begin PBXProject section */
		62459E761A3BBF8700C799BB /* Project object */ = {
			isa = PBXProject;
			attributes = {
				LastUpgradeCheck = 0610;
				ORGANIZATIONNAME = Udacity;
				TargetAttributes = {
					62459E7D1A3BBF8700C799BB = {
						CreatedOnToolsVersion = 6.1;
					};
					62459E921A3BBF8700C799BB = {
						CreatedOnToolsVersion = 6.1;
						TestTargetID = 62459E7D1A3BBF8700C799BB;
					};
				};
			};
			buildConfigurationList = 62459E791A3BBF8700C799BB /* Build configuration list for PBXProject "AudioPlayer" */;
			compatibilityVersion = "Xcode 3.2";
			developmentRegion = English;
			hasScannedForEncodings = 0;
			knownRegions = (
				en,
				Base,
			);
			mainGroup = 62459E751A3BBF8700C799BB;
			productRefGroup = 62459E7F1A3BBF8700C799BB /* Products */;
			projectDirPath = "";
			projectRoot = "";
			targets = (
				62459E7D1A3BBF8700C799BB /* AudioPlayer */,
				62459E921A3BBF8700C799BB /* AudioPlayerTests */,
			);
		};
/* End PBXProject section */

/* Begin PBXResourcesBuildPhase section */
		62459E7C1A3BBF8700C799BB /* Resources */ = {
			isa = PBXResourcesBuildPhase;
			buildActionMask = 2147483647;
			files = (
				62DBAAB11A3FA9DF006BAF9D /* movie_quote.mp3 in Resources */,
				62EFA9B01AA673A3009ECD69 /* Default-568h@2x.png in Resources */,
				62459E8B1A3BBF8700C799BB /* Images.xcassets in Resources */,
			);
			runOnlyForDeploymentPostprocessing = 0;
		};
		62459E911A3BBF8700C799BB /* Resources */ = {
			isa = PBXResourcesBuildPhase;
			buildActionMask = 2147483647;
			files = (
			);
			runOnlyForDeploymentPostprocessing = 0;
		};
/* End PBXResourcesBuildPhase section */

/* Begin PBXSourcesBuildPhase section */
		62459E7A1A3BBF8700C799BB /* Sources */ = {
			isa = PBXSourcesBuildPhase;
			buildActionMask = 2147483647;
			files = (
				62DBAAB31A3FCE4B006BAF9D /* RecordedAudio.swift in Sources */,
				62459E861A3BBF8700C799BB /* RecordSoundsViewController.swift in Sources */,
				62DBAAAF1A3FA432006BAF9D /* PlaySoundsViewController.swift in Sources */,
				62459E841A3BBF8700C799BB /* AppDelegate.swift in Sources */,
			);
			runOnlyForDeploymentPostprocessing = 0;
		};
		62459E8F1A3BBF8700C799BB /* Sources */ = {
			isa = PBXSourcesBuildPhase;
			buildActionMask = 2147483647;
			files = (
				62EFA97D1AA64B75009ECD69 /* AudioPlayerTests.swift in Sources */,
			);
			runOnlyForDeploymentPostprocessing = 0;
		};
/* End PBXSourcesBuildPhase section */

/* Begin PBXTargetDependency section */
		62459E951A3BBF8700C799BB /* PBXTargetDependency */ = {
			isa = PBXTargetDependency;
			target = 62459E7D1A3BBF8700C799BB /* AudioPlayer */;
			targetProxy = 62459E941A3BBF8700C799BB /* PBXContainerItemProxy */;
		};
/* End PBXTargetDependency section */

/* Begin PBXVariantGroup section */
		62459E871A3BBF8700C799BB /* Main.storyboard */ = {
			isa = PBXVariantGroup;
			children = (
				62459E881A3BBF8700C799BB /* Base */,
			);
			name = Main.storyboard;
			sourceTree = "<group>";
		};
		62459E8C1A3BBF8700C799BB /* LaunchScreen.xib */ = {
			isa = PBXVariantGroup;
			children = (
				62459E8D1A3BBF8700C799BB /* Base */,
			);
			name = LaunchScreen.xib;
			sourceTree = "<group>";
		};
/* End PBXVariantGroup section */

/* Begin XCBuildConfiguration section */
		62459E9B1A3BBF8700C799BB /* Debug */ = {
			isa = XCBuildConfiguration;
			buildSettings = {
				ALWAYS_SEARCH_USER_PATHS = NO;
				CLANG_CXX_LANGUAGE_STANDARD = "gnu++0x";
				CLANG_CXX_LIBRARY = "libc++";
				CLANG_ENABLE_MODULES = YES;
				CLANG_ENABLE_OBJC_ARC = YES;
				CLANG_WARN_BOOL_CONVERSION = YES;
				CLANG_WARN_CONSTANT_CONVERSION = YES;
				CLANG_WARN_DIRECT_OBJC_ISA_USAGE = YES_ERROR;
				CLANG_WARN_EMPTY_BODY = YES;
				CLANG_WARN_ENUM_CONVERSION = YES;
				CLANG_WARN_INT_CONVERSION = YES;
				CLANG_WARN_OBJC_ROOT_CLASS = YES_ERROR;
				CLANG_WARN_UNREACHABLE_CODE = YES;
				CLANG_WARN__DUPLICATE_METHOD_MATCH = YES;
				"CODE_SIGN_IDENTITY[sdk=iphoneos*]" = "iPhone Developer";
				COPY_PHASE_STRIP = NO;
				ENABLE_STRICT_OBJC_MSGSEND = YES;
				GCC_C_LANGUAGE_STANDARD = gnu99;
				GCC_DYNAMIC_NO_PIC = NO;
				GCC_OPTIMIZATION_LEVEL = 0;
				GCC_PREPROCESSOR_DEFINITIONS = (
					"DEBUG=1",
					"$(inherited)",
				);
				GCC_SYMBOLS_PRIVATE_EXTERN = NO;
				GCC_WARN_64_TO_32_BIT_CONVERSION = YES;
				GCC_WARN_ABOUT_RETURN_TYPE = YES_ERROR;
				GCC_WARN_UNDECLARED_SELECTOR = YES;
				GCC_WARN_UNINITIALIZED_AUTOS = YES_AGGRESSIVE;
				GCC_WARN_UNUSED_FUNCTION = YES;
				GCC_WARN_UNUSED_VARIABLE = YES;
				IPHONEOS_DEPLOYMENT_TARGET = 8.1;
				MTL_ENABLE_DEBUG_INFO = YES;
				ONLY_ACTIVE_ARCH = YES;
				SDKROOT = iphoneos;
				SWIFT_OPTIMIZATION_LEVEL = "-Onone";
			};
			name = Debug;
		};
		62459E9C1A3BBF8700C799BB /* Release */ = {
			isa = XCBuildConfiguration;
			buildSettings = {
				ALWAYS_SEARCH_USER_PATHS = NO;
				CLANG_CXX_LANGUAGE_STANDARD = "gnu++0x";
				CLANG_CXX_LIBRARY = "libc++";
				CLANG_ENABLE_MODULES = YES;
				CLANG_ENABLE_OBJC_ARC = YES;
				CLANG_WARN_BOOL_CONVERSION = YES;
				CLANG_WARN_CONSTANT_CONVERSION = YES;
				CLANG_WARN_DIRECT_OBJC_ISA_USAGE = YES_ERROR;
				CLANG_WARN_EMPTY_BODY = YES;
				CLANG_WARN_ENUM_CONVERSION = YES;
				CLANG_WARN_INT_CONVERSION = YES;
				CLANG_WARN_OBJC_ROOT_CLASS = YES_ERROR;
				CLANG_WARN_UNREACHABLE_CODE = YES;
				CLANG_WARN__DUPLICATE_METHOD_MATCH = YES;
				"CODE_SIGN_IDENTITY[sdk=iphoneos*]" = "iPhone Developer";
				COPY_PHASE_STRIP = YES;
				ENABLE_NS_ASSERTIONS = NO;
				ENABLE_STRICT_OBJC_MSGSEND = YES;
				GCC_C_LANGUAGE_STANDARD = gnu99;
				GCC_WARN_64_TO_32_BIT_CONVERSION = YES;
				GCC_WARN_ABOUT_RETURN_TYPE = YES_ERROR;
				GCC_WARN_UNDECLARED_SELECTOR = YES;
				GCC_WARN_UNINITIALIZED_AUTOS = YES_AGGRESSIVE;
				GCC_WARN_UNUSED_FUNCTION = YES;
				GCC_WARN_UNUSED_VARIABLE = YES;
				IPHONEOS_DEPLOYMENT_TARGET = 8.1;
				MTL_ENABLE_DEBUG_INFO = NO;
				SDKROOT = iphoneos;
				VALIDATE_PRODUCT = YES;
			};
			name = Release;
		};
		62459E9E1A3BBF8700C799BB /* Debug */ = {
			isa = XCBuildConfiguration;
			buildSettings = {
				ASSETCATALOG_COMPILER_APPICON_NAME = AppIcon;
				INFOPLIST_FILE = AudioPlayer/Info.plist;
				LD_RUNPATH_SEARCH_PATHS = "$(inherited) @executable_path/Frameworks";
				PRODUCT_NAME = "$(TARGET_NAME)";
			};
			name = Debug;
		};
		62459E9F1A3BBF8700C799BB /* Release */ = {
			isa = XCBuildConfiguration;
			buildSettings = {
				ASSETCATALOG_COMPILER_APPICON_NAME = AppIcon;
				INFOPLIST_FILE = AudioPlayer/Info.plist;
				LD_RUNPATH_SEARCH_PATHS = "$(inherited) @executable_path/Frameworks";
				PRODUCT_NAME = "$(TARGET_NAME)";
			};
			name = Release;
		};
		62459EA11A3BBF8700C799BB /* Debug */ = {
			isa = XCBuildConfiguration;
			buildSettings = {
				BUNDLE_LOADER = "$(TEST_HOST)";
				FRAMEWORK_SEARCH_PATHS = (
					"$(SDKROOT)/Developer/Library/Frameworks",
					"$(inherited)",
				);
				GCC_PREPROCESSOR_DEFINITIONS = (
					"DEBUG=1",
					"$(inherited)",
				);
				INFOPLIST_FILE = AudioPlayerTests/Info.plist;
				LD_RUNPATH_SEARCH_PATHS = "$(inherited) @executable_path/Frameworks @loader_path/Frameworks";
				PRODUCT_NAME = "$(TARGET_NAME)";
				TEST_HOST = "$(BUILT_PRODUCTS_DIR)/AudioPlayer.app/AudioPlayer";
			};
			name = Debug;
		};
		62459EA21A3BBF8700C799BB /* Release */ = {
			isa = XCBuildConfiguration;
			buildSettings = {
				BUNDLE_LOADER = "$(TEST_HOST)";
				FRAMEWORK_SEARCH_PATHS = (
					"$(SDKROOT)/Developer/Library/Frameworks",
					"$(inherited)",
				);
				INFOPLIST_FILE = AudioPlayerTests/Info.plist;
				LD_RUNPATH_SEARCH_PATHS = "$(inherited) @executable_path/Frameworks @loader_path/Frameworks";
				PRODUCT_NAME = "$(TARGET_NAME)";
				TEST_HOST = "$(BUILT_PRODUCTS_DIR)/AudioPlayer.app/AudioPlayer";
			};
			name = Release;
		};
/* End XCBuildConfiguration section */

/* Begin XCConfigurationList section */
		62459E791A3BBF8700C799BB /* Build configuration list for PBXProject "AudioPlayer" */ = {
			isa = XCConfigurationList;
			buildConfigurations = (
				62459E9B1A3BBF8700C799BB /* Debug */,
				62459E9C1A3BBF8700C799BB /* Release */,
			);
			defaultConfigurationIsVisible = 0;
			defaultConfigurationName = Release;
		};
		62459E9D1A3BBF8700C799BB /* Build configuration list for PBXNativeTarget "AudioPlayer" */ = {
			isa = XCConfigurationList;
			buildConfigurations = (
				62459E9E1A3BBF8700C799BB /* Debug */,
				62459E9F1A3BBF8700C799BB /* Release */,
			);
			defaultConfigurationIsVisible = 0;
			defaultConfigurationName = Release;
		};
		62459EA01A3BBF8700C799BB /* Build configuration list for PBXNativeTarget "AudioPlayerTests" */ = {
			isa = XCConfigurationList;
			buildConfigurations = (
				62459EA11A3BBF8700C799BB /* Debug */,
				62459EA21A3BBF8700C799BB /* Release */,
			);
			defaultConfigurationIsVisible = 0;
			defaultConfigurationName = Release;
		};
/* End XCConfigurationList section */
	};
	rootObject = 62459E761A3BBF8700C799BB /* Project object */;
}
